
Microsoft Visual Studio Solution File, Format Version 12.00
# Visual Studio Version 17
VisualStudioVersion = 17.5.33530.505
MinimumVisualStudioVersion = 10.0.40219.1
Project("{9A19103F-16F7-4668-BE54-9A1E7A4F7556}") = "Shootsy", "Shootsy\Shootsy.csproj", "{889EBC7E-FF85-4F8B-B2AA-01063380059B}"
EndProject
Project("{E53339B2-1760-4266-BCC7-CA923CBCF16C}") = "docker-compose", "docker-compose.dcproj", "{5917D5B1-DD87-4697-968A-A979C164257E}"
EndProject
Project("{2150E333-8FDC-42A3-9474-1A3956D46DE8}") = "ApiDocs", "ApiDocs", "{762708B3-D8AE-422E-9278-13F6AE95442D}"
EndProject
Project("{2150E333-8FDC-42A3-9474-1A3956D46DE8}") = "Users", "Users", "{D4575081-CACE-4F52-8F11-9A064A5CEE9F}"
	ProjectSection(SolutionItems) = preProject
		CreateUser.md = CreateUser.md
		GetUserById.md = GetUserById.md
	EndProjectSection
EndProject
Global
	GlobalSection(SolutionConfigurationPlatforms) = preSolution
		Debug|Any CPU = Debug|Any CPU
		Release|Any CPU = Release|Any CPU
	EndGlobalSection
	GlobalSection(ProjectConfigurationPlatforms) = postSolution
		{889EBC7E-FF85-4F8B-B2AA-01063380059B}.Debug|Any CPU.ActiveCfg = Debug|Any CPU
		{889EBC7E-FF85-4F8B-B2AA-01063380059B}.Debug|Any CPU.Build.0 = Debug|Any CPU
		{889EBC7E-FF85-4F8B-B2AA-01063380059B}.Release|Any CPU.ActiveCfg = Release|Any CPU
		{889EBC7E-FF85-4F8B-B2AA-01063380059B}.Release|Any CPU.Build.0 = Release|Any CPU
		{5917D5B1-DD87-4697-968A-A979C164257E}.Debug|Any CPU.ActiveCfg = Debug|Any CPU
		{5917D5B1-DD87-4697-968A-A979C164257E}.Debug|Any CPU.Build.0 = Debug|Any CPU
		{5917D5B1-DD87-4697-968A-A979C164257E}.Release|Any CPU.ActiveCfg = Release|Any CPU
		{5917D5B1-DD87-4697-968A-A979C164257E}.Release|Any CPU.Build.0 = Release|Any CPU
	EndGlobalSection
	GlobalSection(SolutionProperties) = preSolution
		HideSolutionNode = FALSE
	EndGlobalSection
	GlobalSection(NestedProjects) = preSolution
		{D4575081-CACE-4F52-8F11-9A064A5CEE9F} = {762708B3-D8AE-422E-9278-13F6AE95442D}
	EndGlobalSection
	GlobalSection(ExtensibilityGlobals) = postSolution
		SolutionGuid = {0775CBFE-4B32-43C1-9B10-758C1582C8E8}
	EndGlobalSection
EndGlobal
